
Microsoft Visual Studio Solution File, Format Version 12.00
# Visual Studio 15
Project("{FAE04EC0-301F-11D3-BF4B-00C04F79EFBC}") = "Assembly-CSharp", "Assembly-CSharp.csproj", "{D3C61ED8-1E16-3494-691B-10DEAB9C4D65}"
EndProject
Project("{FAE04EC0-301F-11D3-BF4B-00C04F79EFBC}") = "Assembly-CSharp-Editor", "Assembly-CSharp-Editor.csproj", "{B5E7B359-3CF3-AC89-BADB-8CDD6762BDDC}"
EndProject
Global
	GlobalSection(SolutionConfigurationPlatforms) = preSolution
		Debug|Any CPU = Debug|Any CPU
		Release|Any CPU = Release|Any CPU
	EndGlobalSection
	GlobalSection(ProjectConfigurationPlatforms) = postSolution
		{D3C61ED8-1E16-3494-691B-10DEAB9C4D65}.Debug|Any CPU.ActiveCfg = Debug|Any CPU
		{D3C61ED8-1E16-3494-691B-10DEAB9C4D65}.Debug|Any CPU.Build.0 = Debug|Any CPU
		{D3C61ED8-1E16-3494-691B-10DEAB9C4D65}.Release|Any CPU.ActiveCfg = Release|Any CPU
		{D3C61ED8-1E16-3494-691B-10DEAB9C4D65}.Release|Any CPU.Build.0 = Release|Any CPU
		{B5E7B359-3CF3-AC89-BADB-8CDD6762BDDC}.Debug|Any CPU.ActiveCfg = Debug|Any CPU
		{B5E7B359-3CF3-AC89-BADB-8CDD6762BDDC}.Debug|Any CPU.Build.0 = Debug|Any CPU
		{B5E7B359-3CF3-AC89-BADB-8CDD6762BDDC}.Release|Any CPU.ActiveCfg = Release|Any CPU
		{B5E7B359-3CF3-AC89-BADB-8CDD6762BDDC}.Release|Any CPU.Build.0 = Release|Any CPU
	EndGlobalSection
	GlobalSection(SolutionProperties) = preSolution
		HideSolutionNode = FALSE
	EndGlobalSection
EndGlobal
